
Microsoft Visual Studio Solution File, Format Version 12.00
# Visual Studio 2012
Project("{FAE04EC0-301F-11D3-BF4B-00C04F79EFBC}") = "PSO2ACT", "PSO2ACT\PSO2ACT.csproj", "{273C5138-4CD9-42CC-A7CD-22944BE5B539}"
EndProject
Global
	GlobalSection(SolutionConfigurationPlatforms) = preSolution
		Debug|Any CPU = Debug|Any CPU
		Release|Any CPU = Release|Any CPU
	EndGlobalSection
	GlobalSection(ProjectConfigurationPlatforms) = postSolution
		{273C5138-4CD9-42CC-A7CD-22944BE5B539}.Debug|Any CPU.ActiveCfg = Debug|Any CPU
		{273C5138-4CD9-42CC-A7CD-22944BE5B539}.Debug|Any CPU.Build.0 = Debug|Any CPU
		{273C5138-4CD9-42CC-A7CD-22944BE5B539}.Release|Any CPU.ActiveCfg = Release|Any CPU
		{273C5138-4CD9-42CC-A7CD-22944BE5B539}.Release|Any CPU.Build.0 = Release|Any CPU
	EndGlobalSection
	GlobalSection(SolutionProperties) = preSolution
		HideSolutionNode = FALSE
	EndGlobalSection
EndGlobal
